
Microsoft Visual Studio Solution File, Format Version 12.00
# Visual Studio Version 17
VisualStudioVersion = 17.11.35222.181
MinimumVisualStudioVersion = 10.0.40219.1
Project("{FAE04EC0-301F-11D3-BF4B-00C04F79EFBC}") = "MSLSystem", "MSLSystem\MSLSystem.csproj", "{DB505D17-B977-4FE1-AAA8-ACC1EED2920C}"
EndProject
Global
	GlobalSection(SolutionConfigurationPlatforms) = preSolution
		Debug|Any CPU = Debug|Any CPU
		Release|Any CPU = Release|Any CPU
	EndGlobalSection
	GlobalSection(ProjectConfigurationPlatforms) = postSolution
		{DB505D17-B977-4FE1-AAA8-ACC1EED2920C}.Debug|Any CPU.ActiveCfg = Debug|Any CPU
		{DB505D17-B977-4FE1-AAA8-ACC1EED2920C}.Debug|Any CPU.Build.0 = Debug|Any CPU
		{DB505D17-B977-4FE1-AAA8-ACC1EED2920C}.Release|Any CPU.ActiveCfg = Release|Any CPU
		{DB505D17-B977-4FE1-AAA8-ACC1EED2920C}.Release|Any CPU.Build.0 = Release|Any CPU
	EndGlobalSection
	GlobalSection(SolutionProperties) = preSolution
		HideSolutionNode = FALSE
	EndGlobalSection
	GlobalSection(ExtensibilityGlobals) = postSolution
		SolutionGuid = {E483B76D-18FA-4CF6-92EA-7A3277BBEEE5}
	EndGlobalSection
EndGlobal
