{
  "name": "mslsystem",
  "version": "1.0.0",
  "lockfileVersion": 3,
  "requires": true,
  "packages": {
    "": {
      "name": "mslsystem",
      "version": "1.0.0",
      "license": "ISC",
      "dependencies": {
        "bourbon": "^7.3.0"
      },
      "devDependencies": {}
    },
    "node_modules/bourbon": {
      "version": "7.3.0",
      "resolved": "https://registry.npmjs.org/bourbon/-/bourbon-7.3.0.tgz",
      "integrity": "sha512-u9ZUqmaX7K7nkarKODlFT4/XYfWafLRoadlv2Lye8hytrIA4Urg/50rav1eFdbdbO6o9GnK9a6qf7zwq808atA=="
    }
  }
}
